
Microsoft Visual Studio Solution File, Format Version 12.00
# Visual Studio Version 17
VisualStudioVersion = 17.2.32616.157
MinimumVisualStudioVersion = 10.0.40219.1
Project("{FAE04EC0-301F-11D3-BF4B-00C04F79EFBC}") = "LeaveManagement.Web", "LeaveManagement.Web\LeaveManagement.Web.csproj", "{4BF880DB-5EB5-4735-A1FD-524A813CFC53}"
EndProject
Global
	GlobalSection(SolutionConfigurationPlatforms) = preSolution
		Debug|Any CPU = Debug|Any CPU
		Release|Any CPU = Release|Any CPU
	EndGlobalSection
	GlobalSection(ProjectConfigurationPlatforms) = postSolution
		{4BF880DB-5EB5-4735-A1FD-524A813CFC53}.Debug|Any CPU.ActiveCfg = Debug|Any CPU
		{4BF880DB-5EB5-4735-A1FD-524A813CFC53}.Debug|Any CPU.Build.0 = Debug|Any CPU
		{4BF880DB-5EB5-4735-A1FD-524A813CFC53}.Release|Any CPU.ActiveCfg = Release|Any CPU
		{4BF880DB-5EB5-4735-A1FD-524A813CFC53}.Release|Any CPU.Build.0 = Release|Any CPU
	EndGlobalSection
	GlobalSection(SolutionProperties) = preSolution
		HideSolutionNode = FALSE
	EndGlobalSection
	GlobalSection(ExtensibilityGlobals) = postSolution
		SolutionGuid = {BEC1A1CF-EACC-4C4B-A8DD-6AD0B34D6B21}
	EndGlobalSection
EndGlobal
